// !$*UTF8*$!
{
	archiveVersion = 1;
	classes = {
	};
	objectVersion = 50;
	objects = {

/* Begin PBXBuildFile section */
		D676B420277A4815009F20A8 /* TimeInWords WatchKit App.app in Embed Watch Content */ = {isa = PBXBuildFile; fileRef = D676B41F277A4815009F20A8 /* TimeInWords WatchKit App.app */; settings = {ATTRIBUTES = (RemoveHeadersOnCopy, ); }; };
		D676B425277A4816009F20A8 /* Assets.xcassets in Resources */ = {isa = PBXBuildFile; fileRef = D676B424277A4816009F20A8 /* Assets.xcassets */; };
		D676B42C277A4816009F20A8 /* TimeInWords WatchKit Extension.appex in Embed App Extensions */ = {isa = PBXBuildFile; fileRef = D676B42B277A4816009F20A8 /* TimeInWords WatchKit Extension.appex */; settings = {ATTRIBUTES = (RemoveHeadersOnCopy, ); }; };
		D676B431277A4816009F20A8 /* ContentView.swift in Sources */ = {isa = PBXBuildFile; fileRef = D676B430277A4816009F20A8 /* ContentView.swift */; };
		D676B433277A4816009F20A8 /* TimeInWordsApp.swift in Sources */ = {isa = PBXBuildFile; fileRef = D676B432277A4816009F20A8 /* TimeInWordsApp.swift */; };
		D676B435277A4816009F20A8 /* ComplicationController.swift in Sources */ = {isa = PBXBuildFile; fileRef = D676B434277A4816009F20A8 /* ComplicationController.swift */; };
		D676B437277A4817009F20A8 /* Assets.xcassets in Resources */ = {isa = PBXBuildFile; fileRef = D676B436277A4817009F20A8 /* Assets.xcassets */; };
		D676B43A277A4817009F20A8 /* Preview Assets.xcassets in Resources */ = {isa = PBXBuildFile; fileRef = D676B439277A4817009F20A8 /* Preview Assets.xcassets */; };
/* End PBXBuildFile section */

/* Begin PBXContainerItemProxy section */
		D676B421277A4815009F20A8 /* PBXContainerItemProxy */ = {
			isa = PBXContainerItemProxy;
			containerPortal = D676B415277A4815009F20A8 /* Project object */;
			proxyType = 1;
			remoteGlobalIDString = D676B41E277A4815009F20A8;
			remoteInfo = "TimeInWords WatchKit App";
		};
		D676B42D277A4816009F20A8 /* PBXContainerItemProxy */ = {
			isa = PBXContainerItemProxy;
			containerPortal = D676B415277A4815009F20A8 /* Project object */;
			proxyType = 1;
			remoteGlobalIDString = D676B42A277A4816009F20A8;
			remoteInfo = "TimeInWords WatchKit Extension";
		};
/* End PBXContainerItemProxy section */

/* Begin PBXCopyFilesBuildPhase section */
		D676B441277A4817009F20A8 /* Embed App Extensions */ = {
			isa = PBXCopyFilesBuildPhase;
			buildActionMask = 2147483647;
			dstPath = "";
			dstSubfolderSpec = 13;
			files = (
				D676B42C277A4816009F20A8 /* TimeInWords WatchKit Extension.appex in Embed App Extensions */,
			);
			name = "Embed App Extensions";
			runOnlyForDeploymentPostprocessing = 0;
		};
		D676B445277A4817009F20A8 /* Embed Watch Content */ = {
			isa = PBXCopyFilesBuildPhase;
			buildActionMask = 2147483647;
			dstPath = "$(CONTENTS_FOLDER_PATH)/Watch";
			dstSubfolderSpec = 16;
			files = (
				D676B420277A4815009F20A8 /* TimeInWords WatchKit App.app in Embed Watch Content */,
			);
			name = "Embed Watch Content";
			runOnlyForDeploymentPostprocessing = 0;
		};
/* End PBXCopyFilesBuildPhase section */

/* Begin PBXFileReference section */
		D676B41B277A4815009F20A8 /* TimeInWords.app */ = {isa = PBXFileReference; explicitFileType = wrapper.application; includeInIndex = 0; path = TimeInWords.app; sourceTree = BUILT_PRODUCTS_DIR; };
		D676B41F277A4815009F20A8 /* TimeInWords WatchKit App.app */ = {isa = PBXFileReference; explicitFileType = wrapper.application; includeInIndex = 0; path = "TimeInWords WatchKit App.app"; sourceTree = BUILT_PRODUCTS_DIR; };
		D676B424277A4816009F20A8 /* Assets.xcassets */ = {isa = PBXFileReference; lastKnownFileType = folder.assetcatalog; path = Assets.xcassets; sourceTree = "<group>"; };
		D676B426277A4816009F20A8 /* Info.plist */ = {isa = PBXFileReference; lastKnownFileType = text.plist.xml; path = Info.plist; sourceTree = "<group>"; };
		D676B42B277A4816009F20A8 /* TimeInWords WatchKit Extension.appex */ = {isa = PBXFileReference; explicitFileType = "wrapper.app-extension"; includeInIndex = 0; path = "TimeInWords WatchKit Extension.appex"; sourceTree = BUILT_PRODUCTS_DIR; };
		D676B430277A4816009F20A8 /* ContentView.swift */ = {isa = PBXFileReference; lastKnownFileType = sourcecode.swift; path = ContentView.swift; sourceTree = "<group>"; };
		D676B432277A4816009F20A8 /* TimeInWordsApp.swift */ = {isa = PBXFileReference; lastKnownFileType = sourcecode.swift; path = TimeInWordsApp.swift; sourceTree = "<group>"; };
		D676B434277A4816009F20A8 /* ComplicationController.swift */ = {isa = PBXFileReference; lastKnownFileType = sourcecode.swift; path = ComplicationController.swift; sourceTree = "<group>"; };
		D676B436277A4817009F20A8 /* Assets.xcassets */ = {isa = PBXFileReference; lastKnownFileType = folder.assetcatalog; path = Assets.xcassets; sourceTree = "<group>"; };
		D676B439277A4817009F20A8 /* Preview Assets.xcassets */ = {isa = PBXFileReference; lastKnownFileType = folder.assetcatalog; path = "Preview Assets.xcassets"; sourceTree = "<group>"; };
		D676B43B277A4817009F20A8 /* Info.plist */ = {isa = PBXFileReference; lastKnownFileType = text.plist.xml; path = Info.plist; sourceTree = "<group>"; };
/* End PBXFileReference section */

/* Begin PBXFrameworksBuildPhase section */
		D676B428277A4816009F20A8 /* Frameworks */ = {
			isa = PBXFrameworksBuildPhase;
			buildActionMask = 2147483647;
			files = (
			);
			runOnlyForDeploymentPostprocessing = 0;
		};
/* End PBXFrameworksBuildPhase section */

/* Begin PBXGroup section */
		D676B414277A4815009F20A8 = {
			isa = PBXGroup;
			children = (
				D676B423277A4815009F20A8 /* TimeInWords WatchKit App */,
				D676B42F277A4816009F20A8 /* TimeInWords WatchKit Extension */,
				D676B41C277A4815009F20A8 /* Products */,
			);
			sourceTree = "<group>";
		};
		D676B41C277A4815009F20A8 /* Products */ = {
			isa = PBXGroup;
			children = (
				D676B41B277A4815009F20A8 /* TimeInWords.app */,
				D676B41F277A4815009F20A8 /* TimeInWords WatchKit App.app */,
				D676B42B277A4816009F20A8 /* TimeInWords WatchKit Extension.appex */,
			);
			name = Products;
			sourceTree = "<group>";
		};
		D676B423277A4815009F20A8 /* TimeInWords WatchKit App */ = {
			isa = PBXGroup;
			children = (
				D676B424277A4816009F20A8 /* Assets.xcassets */,
				D676B426277A4816009F20A8 /* Info.plist */,
			);
			path = "TimeInWords WatchKit App";
			sourceTree = "<group>";
		};
		D676B42F277A4816009F20A8 /* TimeInWords WatchKit Extension */ = {
			isa = PBXGroup;
			children = (
				D676B430277A4816009F20A8 /* ContentView.swift */,
				D676B432277A4816009F20A8 /* TimeInWordsApp.swift */,
				D676B434277A4816009F20A8 /* ComplicationController.swift */,
				D676B436277A4817009F20A8 /* Assets.xcassets */,
				D676B43B277A4817009F20A8 /* Info.plist */,
				D676B438277A4817009F20A8 /* Preview Content */,
			);
			path = "TimeInWords WatchKit Extension";
			sourceTree = "<group>";
		};
		D676B438277A4817009F20A8 /* Preview Content */ = {
			isa = PBXGroup;
			children = (
				D676B439277A4817009F20A8 /* Preview Assets.xcassets */,
			);
			path = "Preview Content";
			sourceTree = "<group>";
		};
/* End PBXGroup section */

/* Begin PBXNativeTarget section */
		D676B41A277A4815009F20A8 /* TimeInWords */ = {
			isa = PBXNativeTarget;
			buildConfigurationList = D676B446277A4817009F20A8 /* Build configuration list for PBXNativeTarget "TimeInWords" */;
			buildPhases = (
				D676B419277A4815009F20A8 /* Resources */,
				D676B445277A4817009F20A8 /* Embed Watch Content */,
			);
			buildRules = (
			);
			dependencies = (
				D676B422277A4815009F20A8 /* PBXTargetDependency */,
			);
			name = TimeInWords;
			productName = TimeInWords;
			productReference = D676B41B277A4815009F20A8 /* TimeInWords.app */;
			productType = "com.apple.product-type.application.watchapp2-container";
		};
		D676B41E277A4815009F20A8 /* TimeInWords WatchKit App */ = {
			isa = PBXNativeTarget;
			buildConfigurationList = D676B442277A4817009F20A8 /* Build configuration list for PBXNativeTarget "TimeInWords WatchKit App" */;
			buildPhases = (
				D676B41D277A4815009F20A8 /* Resources */,
				D676B441277A4817009F20A8 /* Embed App Extensions */,
			);
			buildRules = (
			);
			dependencies = (
				D676B42E277A4816009F20A8 /* PBXTargetDependency */,
			);
			name = "TimeInWords WatchKit App";
			productName = "TimeInWords WatchKit App";
			productReference = D676B41F277A4815009F20A8 /* TimeInWords WatchKit App.app */;
			productType = "com.apple.product-type.application.watchapp2";
		};
		D676B42A277A4816009F20A8 /* TimeInWords WatchKit Extension */ = {
			isa = PBXNativeTarget;
			buildConfigurationList = D676B43E277A4817009F20A8 /* Build configuration list for PBXNativeTarget "TimeInWords WatchKit Extension" */;
			buildPhases = (
				D676B427277A4816009F20A8 /* Sources */,
				D676B428277A4816009F20A8 /* Frameworks */,
				D676B429277A4816009F20A8 /* Resources */,
			);
			buildRules = (
			);
			dependencies = (
			);
			name = "TimeInWords WatchKit Extension";
			productName = "TimeInWords WatchKit Extension";
			productReference = D676B42B277A4816009F20A8 /* TimeInWords WatchKit Extension.appex */;
			productType = "com.apple.product-type.watchkit2-extension";
		};
/* End PBXNativeTarget section */

/* Begin PBXProject section */
		D676B415277A4815009F20A8 /* Project object */ = {
			isa = PBXProject;
			attributes = {
				LastSwiftUpdateCheck = 1220;
				LastUpgradeCheck = 1220;
				TargetAttributes = {
					D676B41A277A4815009F20A8 = {
						CreatedOnToolsVersion = 12.2;
					};
					D676B41E277A4815009F20A8 = {
						CreatedOnToolsVersion = 12.2;
					};
					D676B42A277A4816009F20A8 = {
						CreatedOnToolsVersion = 12.2;
					};
				};
			};
			buildConfigurationList = D676B418277A4815009F20A8 /* Build configuration list for PBXProject "TimeInWords" */;
			compatibilityVersion = "Xcode 9.3";
			developmentRegion = en;
			hasScannedForEncodings = 0;
			knownRegions = (
				en,
				Base,
			);
			mainGroup = D676B414277A4815009F20A8;
			productRefGroup = D676B41C277A4815009F20A8 /* Products */;
			projectDirPath = "";
			projectRoot = "";
			targets = (
				D676B41A277A4815009F20A8 /* TimeInWords */,
				D676B41E277A4815009F20A8 /* TimeInWords WatchKit App */,
				D676B42A277A4816009F20A8 /* TimeInWords WatchKit Extension */,
			);
		};
/* End PBXProject section */

/* Begin PBXResourcesBuildPhase section */
		D676B419277A4815009F20A8 /* Resources */ = {
			isa = PBXResourcesBuildPhase;
			buildActionMask = 2147483647;
			files = (
			);
			runOnlyForDeploymentPostprocessing = 0;
		};
		D676B41D277A4815009F20A8 /* Resources */ = {
			isa = PBXResourcesBuildPhase;
			buildActionMask = 2147483647;
			files = (
				D676B425277A4816009F20A8 /* Assets.xcassets in Resources */,
			);
			runOnlyForDeploymentPostprocessing = 0;
		};
		D676B429277A4816009F20A8 /* Resources */ = {
			isa = PBXResourcesBuildPhase;
			buildActionMask = 2147483647;
			files = (
				D676B43A277A4817009F20A8 /* Preview Assets.xcassets in Resources */,
				D676B437277A4817009F20A8 /* Assets.xcassets in Resources */,
			);
			runOnlyForDeploymentPostprocessing = 0;
		};
/* End PBXResourcesBuildPhase section */

/* Begin PBXSourcesBuildPhase section */
		D676B427277A4816009F20A8 /* Sources */ = {
			isa = PBXSourcesBuildPhase;
			buildActionMask = 2147483647;
			files = (
				D676B431277A4816009F20A8 /* ContentView.swift in Sources */,
				D676B433277A4816009F20A8 /* TimeInWordsApp.swift in Sources */,
				D676B435277A4816009F20A8 /* ComplicationController.swift in Sources */,
			);
			runOnlyForDeploymentPostprocessing = 0;
		};
/* End PBXSourcesBuildPhase section */

/* Begin PBXTargetDependency section */
		D676B422277A4815009F20A8 /* PBXTargetDependency */ = {
			isa = PBXTargetDependency;
			target = D676B41E277A4815009F20A8 /* TimeInWords WatchKit App */;
			targetProxy = D676B421277A4815009F20A8 /* PBXContainerItemProxy */;
		};
		D676B42E277A4816009F20A8 /* PBXTargetDependency */ = {
			isa = PBXTargetDependency;
			target = D676B42A277A4816009F20A8 /* TimeInWords WatchKit Extension */;
			targetProxy = D676B42D277A4816009F20A8 /* PBXContainerItemProxy */;
		};
/* End PBXTargetDependency section */

/* Begin XCBuildConfiguration section */
		D676B43C277A4817009F20A8 /* Debug */ = {
			isa = XCBuildConfiguration;
			buildSettings = {
				ALWAYS_SEARCH_USER_PATHS = NO;
				CLANG_ANALYZER_NONNULL = YES;
				CLANG_ANALYZER_NUMBER_OBJECT_CONVERSION = YES_AGGRESSIVE;
				CLANG_CXX_LANGUAGE_STANDARD = "gnu++14";
				CLANG_CXX_LIBRARY = "libc++";
				CLANG_ENABLE_MODULES = YES;
				CLANG_ENABLE_OBJC_ARC = YES;
				CLANG_ENABLE_OBJC_WEAK = YES;
				CLANG_WARN_BLOCK_CAPTURE_AUTORELEASING = YES;
				CLANG_WARN_BOOL_CONVERSION = YES;
				CLANG_WARN_COMMA = YES;
				CLANG_WARN_CONSTANT_CONVERSION = YES;
				CLANG_WARN_DEPRECATED_OBJC_IMPLEMENTATIONS = YES;
				CLANG_WARN_DIRECT_OBJC_ISA_USAGE = YES_ERROR;
				CLANG_WARN_DOCUMENTATION_COMMENTS = YES;
				CLANG_WARN_EMPTY_BODY = YES;
				CLANG_WARN_ENUM_CONVERSION = YES;
				CLANG_WARN_INFINITE_RECURSION = YES;
				CLANG_WARN_INT_CONVERSION = YES;
				CLANG_WARN_NON_LITERAL_NULL_CONVERSION = YES;
				CLANG_WARN_OBJC_IMPLICIT_RETAIN_SELF = YES;
				CLANG_WARN_OBJC_LITERAL_CONVERSION = YES;
				CLANG_WARN_OBJC_ROOT_CLASS = YES_ERROR;
				CLANG_WARN_QUOTED_INCLUDE_IN_FRAMEWORK_HEADER = YES;
				CLANG_WARN_RANGE_LOOP_ANALYSIS = YES;
				CLANG_WARN_STRICT_PROTOTYPES = YES;
				CLANG_WARN_SUSPICIOUS_MOVE = YES;
				CLANG_WARN_UNGUARDED_AVAILABILITY = YES_AGGRESSIVE;
				CLANG_WARN_UNREACHABLE_CODE = YES;
				CLANG_WARN__DUPLICATE_METHOD_MATCH = YES;
				COPY_PHASE_STRIP = NO;
				DEBUG_INFORMATION_FORMAT = dwarf;
				ENABLE_STRICT_OBJC_MSGSEND = YES;
				ENABLE_TESTABILITY = YES;
				GCC_C_LANGUAGE_STANDARD = gnu11;
				GCC_DYNAMIC_NO_PIC = NO;
				GCC_NO_COMMON_BLOCKS = YES;
				GCC_OPTIMIZATION_LEVEL = 0;
				GCC_PREPROCESSOR_DEFINITIONS = (
					"DEBUG=1",
					"$(inherited)",
				);
				GCC_WARN_64_TO_32_BIT_CONVERSION = YES;
				GCC_WARN_ABOUT_RETURN_TYPE = YES_ERROR;
				GCC_WARN_UNDECLARED_SELECTOR = YES;
				GCC_WARN_UNINITIALIZED_AUTOS = YES_AGGRESSIVE;
				GCC_WARN_UNUSED_FUNCTION = YES;
				GCC_WARN_UNUSED_VARIABLE = YES;
				MTL_ENABLE_DEBUG_INFO = INCLUDE_SOURCE;
				MTL_FAST_MATH = YES;
				ONLY_ACTIVE_ARCH = YES;
				SDKROOT = iphoneos;
				SWIFT_ACTIVE_COMPILATION_CONDITIONS = DEBUG;
				SWIFT_OPTIMIZATION_LEVEL = "-Onone";
			};
			name = Debug;
		};
		D676B43D277A4817009F20A8 /* Release */ = {
			isa = XCBuildConfiguration;
			buildSettings = {
				ALWAYS_SEARCH_USER_PATHS = NO;
				CLANG_ANALYZER_NONNULL = YES;
				CLANG_ANALYZER_NUMBER_OBJECT_CONVERSION = YES_AGGRESSIVE;
				CLANG_CXX_LANGUAGE_STANDARD = "gnu++14";
				CLANG_CXX_LIBRARY = "libc++";
				CLANG_ENABLE_MODULES = YES;
				CLANG_ENABLE_OBJC_ARC = YES;
				CLANG_ENABLE_OBJC_WEAK = YES;
				CLANG_WARN_BLOCK_CAPTURE_AUTORELEASING = YES;
				CLANG_WARN_BOOL_CONVERSION = YES;
				CLANG_WARN_COMMA = YES;
				CLANG_WARN_CONSTANT_CONVERSION = YES;
				CLANG_WARN_DEPRECATED_OBJC_IMPLEMENTATIONS = YES;
				CLANG_WARN_DIRECT_OBJC_ISA_USAGE = YES_ERROR;
				CLANG_WARN_DOCUMENTATION_COMMENTS = YES;
				CLANG_WARN_EMPTY_BODY = YES;
				CLANG_WARN_ENUM_CONVERSION = YES;
				CLANG_WARN_INFINITE_RECURSION = YES;
				CLANG_WARN_INT_CONVERSION = YES;
				CLANG_WARN_NON_LITERAL_NULL_CONVERSION = YES;
				CLANG_WARN_OBJC_IMPLICIT_RETAIN_SELF = YES;
				CLANG_WARN_OBJC_LITERAL_CONVERSION = YES;
				CLANG_WARN_OBJC_ROOT_CLASS = YES_ERROR;
				CLANG_WARN_QUOTED_INCLUDE_IN_FRAMEWORK_HEADER = YES;
				CLANG_WARN_RANGE_LOOP_ANALYSIS = YES;
				CLANG_WARN_STRICT_PROTOTYPES = YES;
				CLANG_WARN_SUSPICIOUS_MOVE = YES;
				CLANG_WARN_UNGUARDED_AVAILABILITY = YES_AGGRESSIVE;
				CLANG_WARN_UNREACHABLE_CODE = YES;
				CLANG_WARN__DUPLICATE_METHOD_MATCH = YES;
				COPY_PHASE_STRIP = NO;
				DEBUG_INFORMATION_FORMAT = "dwarf-with-dsym";
				ENABLE_NS_ASSERTIONS = NO;
				ENABLE_STRICT_OBJC_MSGSEND = YES;
				GCC_C_LANGUAGE_STANDARD = gnu11;
				GCC_NO_COMMON_BLOCKS = YES;
				GCC_WARN_64_TO_32_BIT_CONVERSION = YES;
				GCC_WARN_ABOUT_RETURN_TYPE = YES_ERROR;
				GCC_WARN_UNDECLARED_SELECTOR = YES;
				GCC_WARN_UNINITIALIZED_AUTOS = YES_AGGRESSIVE;
				GCC_WARN_UNUSED_FUNCTION = YES;
				GCC_WARN_UNUSED_VARIABLE = YES;
				MTL_ENABLE_DEBUG_INFO = NO;
				MTL_FAST_MATH = YES;
				SDKROOT = iphoneos;
				SWIFT_COMPILATION_MODE = wholemodule;
				SWIFT_OPTIMIZATION_LEVEL = "-O";
				VALIDATE_PRODUCT = YES;
			};
			name = Release;
		};
		D676B43F277A4817009F20A8 /* Debug */ = {
			isa = XCBuildConfiguration;
			buildSettings = {
				ASSETCATALOG_COMPILER_COMPLICATION_NAME = Complication;
				CODE_SIGN_STYLE = Automatic;
				DEVELOPMENT_ASSET_PATHS = "\"TimeInWords WatchKit Extension/Preview Content\"";
				DEVELOPMENT_TEAM = 9Q3WK4A9VY;
				ENABLE_PREVIEWS = YES;
				INFOPLIST_FILE = "TimeInWords WatchKit Extension/Info.plist";
				LD_RUNPATH_SEARCH_PATHS = (
					"$(inherited)",
					"@executable_path/Frameworks",
					"@executable_path/../../Frameworks",
				);
				PRODUCT_BUNDLE_IDENTIFIER = christiannaths.TimeInWords.watchkitapp.watchkitextension;
				PRODUCT_NAME = "${TARGET_NAME}";
				SDKROOT = watchos;
				SKIP_INSTALL = YES;
				SWIFT_VERSION = 5.0;
				TARGETED_DEVICE_FAMILY = 4;
				WATCHOS_DEPLOYMENT_TARGET = 7.1;
			};
			name = Debug;
		};
		D676B440277A4817009F20A8 /* Release */ = {
			isa = XCBuildConfiguration;
			buildSettings = {
				ASSETCATALOG_COMPILER_COMPLICATION_NAME = Complication;
				CODE_SIGN_STYLE = Automatic;
				DEVELOPMENT_ASSET_PATHS = "\"TimeInWords WatchKit Extension/Preview Content\"";
				DEVELOPMENT_TEAM = 9Q3WK4A9VY;
				ENABLE_PREVIEWS = YES;
				INFOPLIST_FILE = "TimeInWords WatchKit Extension/Info.plist";
				LD_RUNPATH_SEARCH_PATHS = (
					"$(inherited)",
					"@executable_path/Frameworks",
					"@executable_path/../../Frameworks",
				);
				PRODUCT_BUNDLE_IDENTIFIER = christiannaths.TimeInWords.watchkitapp.watchkitextension;
				PRODUCT_NAME = "${TARGET_NAME}";
				SDKROOT = watchos;
				SKIP_INSTALL = YES;
				SWIFT_VERSION = 5.0;
				TARGETED_DEVICE_FAMILY = 4;
				WATCHOS_DEPLOYMENT_TARGET = 7.1;
			};
			name = Release;
		};
		D676B443277A4817009F20A8 /* Debug */ = {
			isa = XCBuildConfiguration;
			buildSettings = {
				ALWAYS_EMBED_SWIFT_STANDARD_LIBRARIES = YES;
				ASSETCATALOG_COMPILER_APPICON_NAME = AppIcon;
				ASSETCATALOG_COMPILER_GLOBAL_ACCENT_COLOR_NAME = AccentColor;
				CODE_SIGN_STYLE = Automatic;
				DEVELOPMENT_TEAM = 9Q3WK4A9VY;
				IBSC_MODULE = TimeInWords_WatchKit_Extension;
				INFOPLIST_FILE = "TimeInWords WatchKit App/Info.plist";
				PRODUCT_BUNDLE_IDENTIFIER = christiannaths.TimeInWords.watchkitapp;
				PRODUCT_NAME = "$(TARGET_NAME)";
				SDKROOT = watchos;
				SKIP_INSTALL = YES;
				SWIFT_VERSION = 5.0;
				TARGETED_DEVICE_FAMILY = 4;
				WATCHOS_DEPLOYMENT_TARGET = 7.1;
			};
			name = Debug;
		};
		D676B444277A4817009F20A8 /* Release */ = {
			isa = XCBuildConfiguration;
			buildSettings = {
				ALWAYS_EMBED_SWIFT_STANDARD_LIBRARIES = YES;
				ASSETCATALOG_COMPILER_APPICON_NAME = AppIcon;
				ASSETCATALOG_COMPILER_GLOBAL_ACCENT_COLOR_NAME = AccentColor;
				CODE_SIGN_STYLE = Automatic;
				DEVELOPMENT_TEAM = 9Q3WK4A9VY;
				IBSC_MODULE = TimeInWords_WatchKit_Extension;
				INFOPLIST_FILE = "TimeInWords WatchKit App/Info.plist";
				PRODUCT_BUNDLE_IDENTIFIER = christiannaths.TimeInWords.watchkitapp;
				PRODUCT_NAME = "$(TARGET_NAME)";
				SDKROOT = watchos;
				SKIP_INSTALL = YES;
				SWIFT_VERSION = 5.0;
				TARGETED_DEVICE_FAMILY = 4;
				WATCHOS_DEPLOYMENT_TARGET = 7.1;
			};
			name = Release;
		};
		D676B447277A4817009F20A8 /* Debug */ = {
			isa = XCBuildConfiguration;
			buildSettings = {
				CODE_SIGN_STYLE = Automatic;
				CURRENT_PROJECT_VERSION = 1;
				DEVELOPMENT_TEAM = 9Q3WK4A9VY;
				MARKETING_VERSION = 1.0;
				PRODUCT_BUNDLE_IDENTIFIER = christiannaths.TimeInWords;
				PRODUCT_NAME = "$(TARGET_NAME)";
				SWIFT_VERSION = 5.0;
			};
			name = Debug;
		};
		D676B448277A4817009F20A8 /* Release */ = {
			isa = XCBuildConfiguration;
			buildSettings = {
				CODE_SIGN_STYLE = Automatic;
				CURRENT_PROJECT_VERSION = 1;
				DEVELOPMENT_TEAM = 9Q3WK4A9VY;
				MARKETING_VERSION = 1.0;
				PRODUCT_BUNDLE_IDENTIFIER = christiannaths.TimeInWords;
				PRODUCT_NAME = "$(TARGET_NAME)";
				SWIFT_VERSION = 5.0;
			};
			name = Release;
		};
/* End XCBuildConfiguration section */

/* Begin XCConfigurationList section */
		D676B418277A4815009F20A8 /* Build configuration list for PBXProject "TimeInWords" */ = {
			isa = XCConfigurationList;
			buildConfigurations = (
				D676B43C277A4817009F20A8 /* Debug */,
				D676B43D277A4817009F20A8 /* Release */,
			);
			defaultConfigurationIsVisible = 0;
			defaultConfigurationName = Release;
		};
		D676B43E277A4817009F20A8 /* Build configuration list for PBXNativeTarget "TimeInWords WatchKit Extension" */ = {
			isa = XCConfigurationList;
			buildConfigurations = (
				D676B43F277A4817009F20A8 /* Debug */,
				D676B440277A4817009F20A8 /* Release */,
			);
			defaultConfigurationIsVisible = 0;
			defaultConfigurationName = Release;
		};
		D676B442277A4817009F20A8 /* Build configuration list for PBXNativeTarget "TimeInWords WatchKit App" */ = {
			isa = XCConfigurationList;
			buildConfigurations = (
				D676B443277A4817009F20A8 /* Debug */,
				D676B444277A4817009F20A8 /* Release */,
			);
			defaultConfigurationIsVisible = 0;
			defaultConfigurationName = Release;
		};
		D676B446277A4817009F20A8 /* Build configuration list for PBXNativeTarget "TimeInWords" */ = {
			isa = XCConfigurationList;
			buildConfigurations = (
				D676B447277A4817009F20A8 /* Debug */,
				D676B448277A4817009F20A8 /* Release */,
			);
			defaultConfigurationIsVisible = 0;
			defaultConfigurationName = Release;
		};
/* End XCConfigurationList section */
	};
	rootObject = D676B415277A4815009F20A8 /* Project object */;
}
